
Microsoft Visual Studio Solution File, Format Version 12.00
# Visual Studio Version 17
VisualStudioVersion = 17.7.34202.233
MinimumVisualStudioVersion = 10.0.40219.1
Project("{FAE04EC0-301F-11D3-BF4B-00C04F79EFBC}") = "calculator assignment", "calculator assignment\calculator assignment.csproj", "{F74A7A23-BE56-4C1A-9FF0-B1506FB154E5}"
EndProject
Global
	GlobalSection(SolutionConfigurationPlatforms) = preSolution
		Debug|Any CPU = Debug|Any CPU
		Release|Any CPU = Release|Any CPU
	EndGlobalSection
	GlobalSection(ProjectConfigurationPlatforms) = postSolution
		{F74A7A23-BE56-4C1A-9FF0-B1506FB154E5}.Debug|Any CPU.ActiveCfg = Debug|Any CPU
		{F74A7A23-BE56-4C1A-9FF0-B1506FB154E5}.Debug|Any CPU.Build.0 = Debug|Any CPU
		{F74A7A23-BE56-4C1A-9FF0-B1506FB154E5}.Release|Any CPU.ActiveCfg = Release|Any CPU
		{F74A7A23-BE56-4C1A-9FF0-B1506FB154E5}.Release|Any CPU.Build.0 = Release|Any CPU
	EndGlobalSection
	GlobalSection(SolutionProperties) = preSolution
		HideSolutionNode = FALSE
	EndGlobalSection
	GlobalSection(ExtensibilityGlobals) = postSolution
		SolutionGuid = {FF9596C8-1006-4B6E-9073-2C929069556F}
	EndGlobalSection
EndGlobal
