
Microsoft Visual Studio Solution File, Format Version 12.00
# Visual Studio Version 17
VisualStudioVersion = 17.7.34202.233
MinimumVisualStudioVersion = 10.0.40219.1
Project("{FAE04EC0-301F-11D3-BF4B-00C04F79EFBC}") = "employeedata", "employeedata\employeedata.csproj", "{CB4E95AD-FDD3-472C-990E-52E5EB10F8D2}"
EndProject
Global
	GlobalSection(SolutionConfigurationPlatforms) = preSolution
		Debug|Any CPU = Debug|Any CPU
		Release|Any CPU = Release|Any CPU
	EndGlobalSection
	GlobalSection(ProjectConfigurationPlatforms) = postSolution
		{CB4E95AD-FDD3-472C-990E-52E5EB10F8D2}.Debug|Any CPU.ActiveCfg = Debug|Any CPU
		{CB4E95AD-FDD3-472C-990E-52E5EB10F8D2}.Debug|Any CPU.Build.0 = Debug|Any CPU
		{CB4E95AD-FDD3-472C-990E-52E5EB10F8D2}.Release|Any CPU.ActiveCfg = Release|Any CPU
		{CB4E95AD-FDD3-472C-990E-52E5EB10F8D2}.Release|Any CPU.Build.0 = Release|Any CPU
	EndGlobalSection
	GlobalSection(SolutionProperties) = preSolution
		HideSolutionNode = FALSE
	EndGlobalSection
	GlobalSection(ExtensibilityGlobals) = postSolution
		SolutionGuid = {3FD68611-13A6-47E0-B9EB-42EEE8445340}
	EndGlobalSection
EndGlobal
