
Microsoft Visual Studio Solution File, Format Version 12.00
# Visual Studio Version 17
VisualStudioVersion = 17.7.34202.233
MinimumVisualStudioVersion = 10.0.40219.1
Project("{FAE04EC0-301F-11D3-BF4B-00C04F79EFBC}") = "listboxes", "listboxes\listboxes.csproj", "{CFEBBB5F-65F6-4FE5-AB58-6FBB479DEA22}"
EndProject
Global
	GlobalSection(SolutionConfigurationPlatforms) = preSolution
		Debug|Any CPU = Debug|Any CPU
		Release|Any CPU = Release|Any CPU
	EndGlobalSection
	GlobalSection(ProjectConfigurationPlatforms) = postSolution
		{CFEBBB5F-65F6-4FE5-AB58-6FBB479DEA22}.Debug|Any CPU.ActiveCfg = Debug|Any CPU
		{CFEBBB5F-65F6-4FE5-AB58-6FBB479DEA22}.Debug|Any CPU.Build.0 = Debug|Any CPU
		{CFEBBB5F-65F6-4FE5-AB58-6FBB479DEA22}.Release|Any CPU.ActiveCfg = Release|Any CPU
		{CFEBBB5F-65F6-4FE5-AB58-6FBB479DEA22}.Release|Any CPU.Build.0 = Release|Any CPU
	EndGlobalSection
	GlobalSection(SolutionProperties) = preSolution
		HideSolutionNode = FALSE
	EndGlobalSection
	GlobalSection(ExtensibilityGlobals) = postSolution
		SolutionGuid = {CAE4A944-5EE4-407A-A9AE-F75494F165DE}
	EndGlobalSection
EndGlobal
